
Microsoft Visual Studio Solution File, Format Version 12.00
# Visual Studio Version 17
VisualStudioVersion = 17.9.34728.123
MinimumVisualStudioVersion = 10.0.40219.1
Project("{FAE04EC0-301F-11D3-BF4B-00C04F79EFBC}") = "BidCalculation", "BidCalculation\BidCalculation.csproj", "{3DDB27DC-770D-45E0-B7DB-18983479399F}"
EndProject
Project("{FAE04EC0-301F-11D3-BF4B-00C04F79EFBC}") = "BidCalculation.Common", "BidCalculation.Common\BidCalculation.Common.csproj", "{EF0A731E-D6B1-4524-9EBD-369C970FAB4D}"
EndProject
Project("{FAE04EC0-301F-11D3-BF4B-00C04F79EFBC}") = "BidCalculation.Data", "BidCalculation.Data\BidCalculation.Data.csproj", "{74243448-F89A-427B-AC8D-338F5C9AEE73}"
EndProject
Project("{FAE04EC0-301F-11D3-BF4B-00C04F79EFBC}") = "BidCalculation.Business", "BidCalculation.Business\BidCalculation.Business.csproj", "{89A2F156-25A0-4291-95AC-3FF128C341B2}"
EndProject
Global
	GlobalSection(SolutionConfigurationPlatforms) = preSolution
		Debug|Any CPU = Debug|Any CPU
		Release|Any CPU = Release|Any CPU
	EndGlobalSection
	GlobalSection(ProjectConfigurationPlatforms) = postSolution
		{3DDB27DC-770D-45E0-B7DB-18983479399F}.Debug|Any CPU.ActiveCfg = Debug|Any CPU
		{3DDB27DC-770D-45E0-B7DB-18983479399F}.Debug|Any CPU.Build.0 = Debug|Any CPU
		{3DDB27DC-770D-45E0-B7DB-18983479399F}.Release|Any CPU.ActiveCfg = Release|Any CPU
		{3DDB27DC-770D-45E0-B7DB-18983479399F}.Release|Any CPU.Build.0 = Release|Any CPU
		{EF0A731E-D6B1-4524-9EBD-369C970FAB4D}.Debug|Any CPU.ActiveCfg = Debug|Any CPU
		{EF0A731E-D6B1-4524-9EBD-369C970FAB4D}.Debug|Any CPU.Build.0 = Debug|Any CPU
		{EF0A731E-D6B1-4524-9EBD-369C970FAB4D}.Release|Any CPU.ActiveCfg = Release|Any CPU
		{EF0A731E-D6B1-4524-9EBD-369C970FAB4D}.Release|Any CPU.Build.0 = Release|Any CPU
		{74243448-F89A-427B-AC8D-338F5C9AEE73}.Debug|Any CPU.ActiveCfg = Debug|Any CPU
		{74243448-F89A-427B-AC8D-338F5C9AEE73}.Debug|Any CPU.Build.0 = Debug|Any CPU
		{74243448-F89A-427B-AC8D-338F5C9AEE73}.Release|Any CPU.ActiveCfg = Release|Any CPU
		{74243448-F89A-427B-AC8D-338F5C9AEE73}.Release|Any CPU.Build.0 = Release|Any CPU
		{89A2F156-25A0-4291-95AC-3FF128C341B2}.Debug|Any CPU.ActiveCfg = Debug|Any CPU
		{89A2F156-25A0-4291-95AC-3FF128C341B2}.Debug|Any CPU.Build.0 = Debug|Any CPU
		{89A2F156-25A0-4291-95AC-3FF128C341B2}.Release|Any CPU.ActiveCfg = Release|Any CPU
		{89A2F156-25A0-4291-95AC-3FF128C341B2}.Release|Any CPU.Build.0 = Release|Any CPU
	EndGlobalSection
	GlobalSection(SolutionProperties) = preSolution
		HideSolutionNode = FALSE
	EndGlobalSection
	GlobalSection(ExtensibilityGlobals) = postSolution
		SolutionGuid = {7940C33C-FF26-4D4D-A0DE-E59FC8527A7E}
	EndGlobalSection
EndGlobal
